# THIS IS AN AUTOGENERATED FILE. DO NOT EDIT THIS FILE DIRECTLY.
# yarn lockfile v1


"@tool-developer/wo-useragent@^0.0.1":
  version "0.0.1"
  resolved "https://registry.npmjs.org/@tool-developer/wo-useragent/-/wo-useragent-0.0.1.tgz#cafb43585acc7247d9352abca9cb3fb576c9b33b"
  integrity sha512-auhZWs5A4s+fD9e93TjREUuGb5Ra4oUCKK/xAGz2dTjzLqOCw/R46mnuPqFE3rfcYqIywlhf/bxi7wCBPjCOSw==
